// !$*UTF8*$!
{
	archiveVersion = 1;
	classes = {
	};
	objectVersion = 51;
	objects = {

/* Begin PBXBuildFile section */
		132587514890DBC5DFD9EA99 /* Pods_Fundall_UI.framework in Frameworks */ = {isa = PBXBuildFile; fileRef = 0A0915DD0EB3349344CFEB01 /* Pods_Fundall_UI.framework */; };
		CE057A7524A2CF94009B8DDF /* CardCell.swift in Sources */ = {isa = PBXBuildFile; fileRef = CE057A7424A2CF94009B8DDF /* CardCell.swift */; };
		CE057A7724A2D707009B8DDF /* TodayTitleTableViewCell.swift in Sources */ = {isa = PBXBuildFile; fileRef = CE057A7624A2D707009B8DDF /* TodayTitleTableViewCell.swift */; };
		CE057A7924A2D72B009B8DDF /* TodayTableViewCell.swift in Sources */ = {isa = PBXBuildFile; fileRef = CE057A7824A2D72B009B8DDF /* TodayTableViewCell.swift */; };
		CE08DD0B24A0D34400D5A0B9 /* DashboardViewController.swift in Sources */ = {isa = PBXBuildFile; fileRef = CE08DD0A24A0D34400D5A0B9 /* DashboardViewController.swift */; };
		CE08DD2D24A15AD400D5A0B9 /* FoundersGrotesk-Bold.otf in Resources */ = {isa = PBXBuildFile; fileRef = CE08DD2524A15A9B00D5A0B9 /* FoundersGrotesk-Bold.otf */; };
		CE08DD2E24A15AD800D5A0B9 /* FoundersGrotesk-BoldItalic.otf in Resources */ = {isa = PBXBuildFile; fileRef = CE08DD2A24A15A9B00D5A0B9 /* FoundersGrotesk-BoldItalic.otf */; };
		CE08DD2F24A15ADB00D5A0B9 /* FoundersGrotesk-Light.otf in Resources */ = {isa = PBXBuildFile; fileRef = CE08DD2424A15A9B00D5A0B9 /* FoundersGrotesk-Light.otf */; };
		CE08DD3024A15AE800D5A0B9 /* FoundersGrotesk-Medium.otf in Resources */ = {isa = PBXBuildFile; fileRef = CE08DD2824A15A9B00D5A0B9 /* FoundersGrotesk-Medium.otf */; };
		CE08DD3124A15AE800D5A0B9 /* FoundersGrotesk-MediumItalic.otf in Resources */ = {isa = PBXBuildFile; fileRef = CE08DD2624A15A9B00D5A0B9 /* FoundersGrotesk-MediumItalic.otf */; };
		CE08DD3224A15AE800D5A0B9 /* FoundersGrotesk-Regular.otf in Resources */ = {isa = PBXBuildFile; fileRef = CE08DD2724A15A9B00D5A0B9 /* FoundersGrotesk-Regular.otf */; };
		CE08DD3324A15AE800D5A0B9 /* FoundersGrotesk-RegularItalic.otf in Resources */ = {isa = PBXBuildFile; fileRef = CE08DD2C24A15A9B00D5A0B9 /* FoundersGrotesk-RegularItalic.otf */; };
		CE08DD3424A15AE800D5A0B9 /* FoundersGrotesk-Semibold.otf in Resources */ = {isa = PBXBuildFile; fileRef = CE08DD2324A15A9A00D5A0B9 /* FoundersGrotesk-Semibold.otf */; };
		CE08DD3524A15AE800D5A0B9 /* FoundersGrotesk-SemiboldItalic.otf in Resources */ = {isa = PBXBuildFile; fileRef = CE08DD2924A15A9B00D5A0B9 /* FoundersGrotesk-SemiboldItalic.otf */; };
		CE08DD3624A15AEB00D5A0B9 /* FoundersGrotesk-LightItalic.otf in Resources */ = {isa = PBXBuildFile; fileRef = CE08DD2B24A15A9B00D5A0B9 /* FoundersGrotesk-LightItalic.otf */; };
		CE098F3C24A2079300E5267F /* RegisterViewController.swift in Sources */ = {isa = PBXBuildFile; fileRef = CE098F3B24A2079300E5267F /* RegisterViewController.swift */; };
		CE098F3E24A207AF00E5267F /* LoginViewController.swift in Sources */ = {isa = PBXBuildFile; fileRef = CE098F3D24A207AF00E5267F /* LoginViewController.swift */; };
		CE098F4224A2088200E5267F /* CardViewController.swift in Sources */ = {isa = PBXBuildFile; fileRef = CE098F4124A2088200E5267F /* CardViewController.swift */; };
		CE098F4424A2094300E5267F /* SignedInViewController.swift in Sources */ = {isa = PBXBuildFile; fileRef = CE098F4324A2094300E5267F /* SignedInViewController.swift */; };
		CE4392E724A193510074C40B /* Main.storyboard in Resources */ = {isa = PBXBuildFile; fileRef = CE4392E624A193500074C40B /* Main.storyboard */; };
		CE81CC3B249E78EB0087C080 /* CustomTextField.swift in Sources */ = {isa = PBXBuildFile; fileRef = CE81CC3A249E78EB0087C080 /* CustomTextField.swift */; };
		CE8E16F724A4E8FB008EC6FE /* extension.swift in Sources */ = {isa = PBXBuildFile; fileRef = CE8E16F624A4E8FB008EC6FE /* extension.swift */; };
		CE8E16FA24A4F30E008EC6FE /* ErrorModel.swift in Sources */ = {isa = PBXBuildFile; fileRef = CE8E16F924A4F30E008EC6FE /* ErrorModel.swift */; };
		CE8E16FC24A4F325008EC6FE /* LoginModel.swift in Sources */ = {isa = PBXBuildFile; fileRef = CE8E16FB24A4F325008EC6FE /* LoginModel.swift */; };
		CE8E16FE24A4F344008EC6FE /* RegisterModel.swift in Sources */ = {isa = PBXBuildFile; fileRef = CE8E16FD24A4F344008EC6FE /* RegisterModel.swift */; };
		CE9A06E9249E3D650099766C /* AppDelegate.swift in Sources */ = {isa = PBXBuildFile; fileRef = CE9A06E8249E3D650099766C /* AppDelegate.swift */; };
		CE9A06EB249E3D650099766C /* SceneDelegate.swift in Sources */ = {isa = PBXBuildFile; fileRef = CE9A06EA249E3D650099766C /* SceneDelegate.swift */; };
		CE9A06ED249E3D650099766C /* OnboardingViewController.swift in Sources */ = {isa = PBXBuildFile; fileRef = CE9A06EC249E3D650099766C /* OnboardingViewController.swift */; };
		CE9A06F2249E3D6A0099766C /* Assets.xcassets in Resources */ = {isa = PBXBuildFile; fileRef = CE9A06F1249E3D6A0099766C /* Assets.xcassets */; };
		CE9A06F5249E3D6A0099766C /* LaunchScreen.storyboard in Resources */ = {isa = PBXBuildFile; fileRef = CE9A06F3249E3D6A0099766C /* LaunchScreen.storyboard */; };
		CEAE73E224A3B0CA0096F7B3 /* CardSelectionCell.swift in Sources */ = {isa = PBXBuildFile; fileRef = CEAE73E124A3B0CA0096F7B3 /* CardSelectionCell.swift */; };
		CEAE73E424A3B0FD0096F7B3 /* CardListCell.swift in Sources */ = {isa = PBXBuildFile; fileRef = CEAE73E324A3B0FD0096F7B3 /* CardListCell.swift */; };
/* End PBXBuildFile section */

/* Begin PBXFileReference section */
		05C62F8108A90AB3628829EF /* Pods-Fundall UI.release.xcconfig */ = {isa = PBXFileReference; includeInIndex = 1; lastKnownFileType = text.xcconfig; name = "Pods-Fundall UI.release.xcconfig"; path = "Target Support Files/Pods-Fundall UI/Pods-Fundall UI.release.xcconfig"; sourceTree = "<group>"; };
		0A0915DD0EB3349344CFEB01 /* Pods_Fundall_UI.framework */ = {isa = PBXFileReference; explicitFileType = wrapper.framework; includeInIndex = 0; path = Pods_Fundall_UI.framework; sourceTree = BUILT_PRODUCTS_DIR; };
		CD70616DEFA3C5C68240BAB1 /* Pods-Fundall UI.debug.xcconfig */ = {isa = PBXFileReference; includeInIndex = 1; lastKnownFileType = text.xcconfig; name = "Pods-Fundall UI.debug.xcconfig"; path = "Target Support Files/Pods-Fundall UI/Pods-Fundall UI.debug.xcconfig"; sourceTree = "<group>"; };
		CE057A7424A2CF94009B8DDF /* CardCell.swift */ = {isa = PBXFileReference; lastKnownFileType = sourcecode.swift; path = CardCell.swift; sourceTree = "<group>"; };
		CE057A7624A2D707009B8DDF /* TodayTitleTableViewCell.swift */ = {isa = PBXFileReference; lastKnownFileType = sourcecode.swift; path = TodayTitleTableViewCell.swift; sourceTree = "<group>"; };
		CE057A7824A2D72B009B8DDF /* TodayTableViewCell.swift */ = {isa = PBXFileReference; lastKnownFileType = sourcecode.swift; path = TodayTableViewCell.swift; sourceTree = "<group>"; };
		CE08DD0A24A0D34400D5A0B9 /* DashboardViewController.swift */ = {isa = PBXFileReference; lastKnownFileType = sourcecode.swift; path = DashboardViewController.swift; sourceTree = "<group>"; };
		CE08DD2324A15A9A00D5A0B9 /* FoundersGrotesk-Semibold.otf */ = {isa = PBXFileReference; lastKnownFileType = file; name = "FoundersGrotesk-Semibold.otf"; path = "../../../../Downloads/New Folder With Items/FoundersGrotesk-Semibold.otf"; sourceTree = "<group>"; };
		CE08DD2424A15A9B00D5A0B9 /* FoundersGrotesk-Light.otf */ = {isa = PBXFileReference; lastKnownFileType = file; name = "FoundersGrotesk-Light.otf"; path = "../../../../Downloads/New Folder With Items/FoundersGrotesk-Light.otf"; sourceTree = "<group>"; };
		CE08DD2524A15A9B00D5A0B9 /* FoundersGrotesk-Bold.otf */ = {isa = PBXFileReference; lastKnownFileType = file; name = "FoundersGrotesk-Bold.otf"; path = "../../../../Downloads/New Folder With Items/FoundersGrotesk-Bold.otf"; sourceTree = "<group>"; };
		CE08DD2624A15A9B00D5A0B9 /* FoundersGrotesk-MediumItalic.otf */ = {isa = PBXFileReference; lastKnownFileType = file; name = "FoundersGrotesk-MediumItalic.otf"; path = "../../../../Downloads/New Folder With Items/FoundersGrotesk-MediumItalic.otf"; sourceTree = "<group>"; };
		CE08DD2724A15A9B00D5A0B9 /* FoundersGrotesk-Regular.otf */ = {isa = PBXFileReference; lastKnownFileType = file; name = "FoundersGrotesk-Regular.otf"; path = "../../../../Downloads/New Folder With Items/FoundersGrotesk-Regular.otf"; sourceTree = "<group>"; };
		CE08DD2824A15A9B00D5A0B9 /* FoundersGrotesk-Medium.otf */ = {isa = PBXFileReference; lastKnownFileType = file; name = "FoundersGrotesk-Medium.otf"; path = "../../../../Downloads/New Folder With Items/FoundersGrotesk-Medium.otf"; sourceTree = "<group>"; };
		CE08DD2924A15A9B00D5A0B9 /* FoundersGrotesk-SemiboldItalic.otf */ = {isa = PBXFileReference; lastKnownFileType = file; name = "FoundersGrotesk-SemiboldItalic.otf"; path = "../../../../Downloads/New Folder With Items/FoundersGrotesk-SemiboldItalic.otf"; sourceTree = "<group>"; };
		CE08DD2A24A15A9B00D5A0B9 /* FoundersGrotesk-BoldItalic.otf */ = {isa = PBXFileReference; lastKnownFileType = file; name = "FoundersGrotesk-BoldItalic.otf"; path = "../../../../Downloads/New Folder With Items/FoundersGrotesk-BoldItalic.otf"; sourceTree = "<group>"; };
		CE08DD2B24A15A9B00D5A0B9 /* FoundersGrotesk-LightItalic.otf */ = {isa = PBXFileReference; lastKnownFileType = file; name = "FoundersGrotesk-LightItalic.otf"; path = "../../../../Downloads/New Folder With Items/FoundersGrotesk-LightItalic.otf"; sourceTree = "<group>"; };
		CE08DD2C24A15A9B00D5A0B9 /* FoundersGrotesk-RegularItalic.otf */ = {isa = PBXFileReference; lastKnownFileType = file; name = "FoundersGrotesk-RegularItalic.otf"; path = "../../../../Downloads/New Folder With Items/FoundersGrotesk-RegularItalic.otf"; sourceTree = "<group>"; };
		CE098F3B24A2079300E5267F /* RegisterViewController.swift */ = {isa = PBXFileReference; lastKnownFileType = sourcecode.swift; path = RegisterViewController.swift; sourceTree = "<group>"; };
		CE098F3D24A207AF00E5267F /* LoginViewController.swift */ = {isa = PBXFileReference; lastKnownFileType = sourcecode.swift; path = LoginViewController.swift; sourceTree = "<group>"; };
		CE098F4124A2088200E5267F /* CardViewController.swift */ = {isa = PBXFileReference; lastKnownFileType = sourcecode.swift; path = CardViewController.swift; sourceTree = "<group>"; };
		CE098F4324A2094300E5267F /* SignedInViewController.swift */ = {isa = PBXFileReference; lastKnownFileType = sourcecode.swift; path = SignedInViewController.swift; sourceTree = "<group>"; };
		CE4392E624A193500074C40B /* Main.storyboard */ = {isa = PBXFileReference; fileEncoding = 4; lastKnownFileType = file.storyboard; path = Main.storyboard; sourceTree = "<group>"; };
		CE81CC3A249E78EB0087C080 /* CustomTextField.swift */ = {isa = PBXFileReference; lastKnownFileType = sourcecode.swift; path = CustomTextField.swift; sourceTree = "<group>"; };
		CE8E16F624A4E8FB008EC6FE /* extension.swift */ = {isa = PBXFileReference; lastKnownFileType = sourcecode.swift; path = extension.swift; sourceTree = "<group>"; };
		CE8E16F924A4F30E008EC6FE /* ErrorModel.swift */ = {isa = PBXFileReference; lastKnownFileType = sourcecode.swift; path = ErrorModel.swift; sourceTree = "<group>"; };
		CE8E16FB24A4F325008EC6FE /* LoginModel.swift */ = {isa = PBXFileReference; lastKnownFileType = sourcecode.swift; path = LoginModel.swift; sourceTree = "<group>"; };
		CE8E16FD24A4F344008EC6FE /* RegisterModel.swift */ = {isa = PBXFileReference; lastKnownFileType = sourcecode.swift; path = RegisterModel.swift; sourceTree = "<group>"; };
		CE9A06E5249E3D650099766C /* Fundall UI.app */ = {isa = PBXFileReference; explicitFileType = wrapper.application; includeInIndex = 0; path = "Fundall UI.app"; sourceTree = BUILT_PRODUCTS_DIR; };
		CE9A06E8249E3D650099766C /* AppDelegate.swift */ = {isa = PBXFileReference; lastKnownFileType = sourcecode.swift; path = AppDelegate.swift; sourceTree = "<group>"; };
		CE9A06EA249E3D650099766C /* SceneDelegate.swift */ = {isa = PBXFileReference; lastKnownFileType = sourcecode.swift; path = SceneDelegate.swift; sourceTree = "<group>"; };
		CE9A06EC249E3D650099766C /* OnboardingViewController.swift */ = {isa = PBXFileReference; lastKnownFileType = sourcecode.swift; path = OnboardingViewController.swift; sourceTree = "<group>"; };
		CE9A06F1249E3D6A0099766C /* Assets.xcassets */ = {isa = PBXFileReference; lastKnownFileType = folder.assetcatalog; path = Assets.xcassets; sourceTree = "<group>"; };
		CE9A06F4249E3D6A0099766C /* Base */ = {isa = PBXFileReference; lastKnownFileType = file.storyboard; name = Base; path = Base.lproj/LaunchScreen.storyboard; sourceTree = "<group>"; };
		CE9A06F6249E3D6A0099766C /* Info.plist */ = {isa = PBXFileReference; lastKnownFileType = text.plist.xml; path = Info.plist; sourceTree = "<group>"; };
		CEAE73E124A3B0CA0096F7B3 /* CardSelectionCell.swift */ = {isa = PBXFileReference; lastKnownFileType = sourcecode.swift; path = CardSelectionCell.swift; sourceTree = "<group>"; };
		CEAE73E324A3B0FD0096F7B3 /* CardListCell.swift */ = {isa = PBXFileReference; lastKnownFileType = sourcecode.swift; path = CardListCell.swift; sourceTree = "<group>"; };
/* End PBXFileReference section */

/* Begin PBXFrameworksBuildPhase section */
		CE9A06E2249E3D650099766C /* Frameworks */ = {
			isa = PBXFrameworksBuildPhase;
			buildActionMask = 2147483647;
			files = (
				132587514890DBC5DFD9EA99 /* Pods_Fundall_UI.framework in Frameworks */,
			);
			runOnlyForDeploymentPostprocessing = 0;
		};
/* End PBXFrameworksBuildPhase section */

/* Begin PBXGroup section */
		A843D08854F7FA7F39D3EAAC /* Frameworks */ = {
			isa = PBXGroup;
			children = (
				0A0915DD0EB3349344CFEB01 /* Pods_Fundall_UI.framework */,
			);
			name = Frameworks;
			sourceTree = "<group>";
		};
		CE057A7324A2CE6C009B8DDF /* Cell */ = {
			isa = PBXGroup;
			children = (
				CE057A7424A2CF94009B8DDF /* CardCell.swift */,
				CE057A7624A2D707009B8DDF /* TodayTitleTableViewCell.swift */,
				CE057A7824A2D72B009B8DDF /* TodayTableViewCell.swift */,
				CEAE73E124A3B0CA0096F7B3 /* CardSelectionCell.swift */,
				CEAE73E324A3B0FD0096F7B3 /* CardListCell.swift */,
			);
			path = Cell;
			sourceTree = "<group>";
		};
		CE08DD2224A15A0300D5A0B9 /* Fonts */ = {
			isa = PBXGroup;
			children = (
				CE08DD2524A15A9B00D5A0B9 /* FoundersGrotesk-Bold.otf */,
				CE08DD2A24A15A9B00D5A0B9 /* FoundersGrotesk-BoldItalic.otf */,
				CE08DD2424A15A9B00D5A0B9 /* FoundersGrotesk-Light.otf */,
				CE08DD2B24A15A9B00D5A0B9 /* FoundersGrotesk-LightItalic.otf */,
				CE08DD2824A15A9B00D5A0B9 /* FoundersGrotesk-Medium.otf */,
				CE08DD2624A15A9B00D5A0B9 /* FoundersGrotesk-MediumItalic.otf */,
				CE08DD2724A15A9B00D5A0B9 /* FoundersGrotesk-Regular.otf */,
				CE08DD2C24A15A9B00D5A0B9 /* FoundersGrotesk-RegularItalic.otf */,
				CE08DD2324A15A9A00D5A0B9 /* FoundersGrotesk-Semibold.otf */,
				CE08DD2924A15A9B00D5A0B9 /* FoundersGrotesk-SemiboldItalic.otf */,
			);
			path = Fonts;
			sourceTree = "<group>";
		};
		CE81CC39249E789A0087C080 /* Views */ = {
			isa = PBXGroup;
			children = (
				CE81CC3A249E78EB0087C080 /* CustomTextField.swift */,
			);
			path = Views;
			sourceTree = "<group>";
		};
		CE8E16F524A4E8DC008EC6FE /* Utility */ = {
			isa = PBXGroup;
			children = (
				CE8E16F624A4E8FB008EC6FE /* extension.swift */,
			);
			path = Utility;
			sourceTree = "<group>";
		};
		CE8E16F824A4F2D0008EC6FE /* Model */ = {
			isa = PBXGroup;
			children = (
				CE8E16F924A4F30E008EC6FE /* ErrorModel.swift */,
				CE8E16FB24A4F325008EC6FE /* LoginModel.swift */,
				CE8E16FD24A4F344008EC6FE /* RegisterModel.swift */,
			);
			path = Model;
			sourceTree = "<group>";
		};
		CE8E173C24A501B0008EC6FE /* ViewController */ = {
			isa = PBXGroup;
			children = (
				CE08DD0A24A0D34400D5A0B9 /* DashboardViewController.swift */,
				CE098F3B24A2079300E5267F /* RegisterViewController.swift */,
				CE098F3D24A207AF00E5267F /* LoginViewController.swift */,
				CE098F4124A2088200E5267F /* CardViewController.swift */,
				CE098F4324A2094300E5267F /* SignedInViewController.swift */,
				CE9A06EC249E3D650099766C /* OnboardingViewController.swift */,
			);
			path = ViewController;
			sourceTree = "<group>";
		};
		CE9A06DC249E3D650099766C = {
			isa = PBXGroup;
			children = (
				CE9A06E7249E3D650099766C /* Fundall UI */,
				CE9A06E6249E3D650099766C /* Products */,
				F3FDCCDF4684C60FA1CBC6CB /* Pods */,
				A843D08854F7FA7F39D3EAAC /* Frameworks */,
			);
			sourceTree = "<group>";
		};
		CE9A06E6249E3D650099766C /* Products */ = {
			isa = PBXGroup;
			children = (
				CE9A06E5249E3D650099766C /* Fundall UI.app */,
			);
			name = Products;
			sourceTree = "<group>";
		};
		CE9A06E7249E3D650099766C /* Fundall UI */ = {
			isa = PBXGroup;
			children = (
				CE8E173C24A501B0008EC6FE /* ViewController */,
				CE8E16F824A4F2D0008EC6FE /* Model */,
				CE8E16F524A4E8DC008EC6FE /* Utility */,
				CE057A7324A2CE6C009B8DDF /* Cell */,
				CE08DD2224A15A0300D5A0B9 /* Fonts */,
				CE81CC39249E789A0087C080 /* Views */,
				CE9A06E8249E3D650099766C /* AppDelegate.swift */,
				CE9A06EA249E3D650099766C /* SceneDelegate.swift */,
				CE9A06F1249E3D6A0099766C /* Assets.xcassets */,
				CE4392E624A193500074C40B /* Main.storyboard */,
				CE9A06F3249E3D6A0099766C /* LaunchScreen.storyboard */,
				CE9A06F6249E3D6A0099766C /* Info.plist */,
			);
			path = "Fundall UI";
			sourceTree = "<group>";
		};
		F3FDCCDF4684C60FA1CBC6CB /* Pods */ = {
			isa = PBXGroup;
			children = (
				CD70616DEFA3C5C68240BAB1 /* Pods-Fundall UI.debug.xcconfig */,
				05C62F8108A90AB3628829EF /* Pods-Fundall UI.release.xcconfig */,
			);
			path = Pods;
			sourceTree = "<group>";
		};
/* End PBXGroup section */

/* Begin PBXNativeTarget section */
		CE9A06E4249E3D650099766C /* Fundall UI */ = {
			isa = PBXNativeTarget;
			buildConfigurationList = CE9A06F9249E3D6A0099766C /* Build configuration list for PBXNativeTarget "Fundall UI" */;
			buildPhases = (
				33315BEAAB7953B3999958DF /* [CP] Check Pods Manifest.lock */,
				CE9A06E1249E3D650099766C /* Sources */,
				CE9A06E2249E3D650099766C /* Frameworks */,
				CE9A06E3249E3D650099766C /* Resources */,
				D3797905529150C11122E074 /* [CP] Embed Pods Frameworks */,
			);
			buildRules = (
			);
			dependencies = (
			);
			name = "Fundall UI";
			productName = "Fundall UI";
			productReference = CE9A06E5249E3D650099766C /* Fundall UI.app */;
			productType = "com.apple.product-type.application";
		};
/* End PBXNativeTarget section */

/* Begin PBXProject section */
		CE9A06DD249E3D650099766C /* Project object */ = {
			isa = PBXProject;
			attributes = {
				LastSwiftUpdateCheck = 1130;
				LastUpgradeCheck = 1130;
				ORGANIZATIONNAME = MAC;
				TargetAttributes = {
					CE9A06E4249E3D650099766C = {
						CreatedOnToolsVersion = 11.3;
					};
				};
			};
			buildConfigurationList = CE9A06E0249E3D650099766C /* Build configuration list for PBXProject "Fundall UI" */;
			compatibilityVersion = "Xcode 9.3";
			developmentRegion = en;
			hasScannedForEncodings = 0;
			knownRegions = (
				en,
				Base,
			);
			mainGroup = CE9A06DC249E3D650099766C;
			productRefGroup = CE9A06E6249E3D650099766C /* Products */;
			projectDirPath = "";
			projectRoot = "";
			targets = (
				CE9A06E4249E3D650099766C /* Fundall UI */,
			);
		};
/* End PBXProject section */

/* Begin PBXResourcesBuildPhase section */
		CE9A06E3249E3D650099766C /* Resources */ = {
			isa = PBXResourcesBuildPhase;
			buildActionMask = 2147483647;
			files = (
				CE08DD3124A15AE800D5A0B9 /* FoundersGrotesk-MediumItalic.otf in Resources */,
				CE08DD3624A15AEB00D5A0B9 /* FoundersGrotesk-LightItalic.otf in Resources */,
				CE9A06F5249E3D6A0099766C /* LaunchScreen.storyboard in Resources */,
				CE08DD2E24A15AD800D5A0B9 /* FoundersGrotesk-BoldItalic.otf in Resources */,
				CE08DD3224A15AE800D5A0B9 /* FoundersGrotesk-Regular.otf in Resources */,
				CE08DD3324A15AE800D5A0B9 /* FoundersGrotesk-RegularItalic.otf in Resources */,
				CE08DD2F24A15ADB00D5A0B9 /* FoundersGrotesk-Light.otf in Resources */,
				CE4392E724A193510074C40B /* Main.storyboard in Resources */,
				CE9A06F2249E3D6A0099766C /* Assets.xcassets in Resources */,
				CE08DD2D24A15AD400D5A0B9 /* FoundersGrotesk-Bold.otf in Resources */,
				CE08DD3524A15AE800D5A0B9 /* FoundersGrotesk-SemiboldItalic.otf in Resources */,
				CE08DD3424A15AE800D5A0B9 /* FoundersGrotesk-Semibold.otf in Resources */,
				CE08DD3024A15AE800D5A0B9 /* FoundersGrotesk-Medium.otf in Resources */,
			);
			runOnlyForDeploymentPostprocessing = 0;
		};
/* End PBXResourcesBuildPhase section */

/* Begin PBXShellScriptBuildPhase section */
		33315BEAAB7953B3999958DF /* [CP] Check Pods Manifest.lock */ = {
			isa = PBXShellScriptBuildPhase;
			buildActionMask = 2147483647;
			files = (
			);
			inputFileListPaths = (
			);
			inputPaths = (
				"${PODS_PODFILE_DIR_PATH}/Podfile.lock",
				"${PODS_ROOT}/Manifest.lock",
			);
			name = "[CP] Check Pods Manifest.lock";
			outputFileListPaths = (
			);
			outputPaths = (
				"$(DERIVED_FILE_DIR)/Pods-Fundall UI-checkManifestLockResult.txt",
			);
			runOnlyForDeploymentPostprocessing = 0;
			shellPath = /bin/sh;
			shellScript = "diff \"${PODS_PODFILE_DIR_PATH}/Podfile.lock\" \"${PODS_ROOT}/Manifest.lock\" > /dev/null\nif [ $? != 0 ] ; then\n    # print error to STDERR\n    echo \"error: The sandbox is not in sync with the Podfile.lock. Run 'pod install' or update your CocoaPods installation.\" >&2\n    exit 1\nfi\n# This output is used by Xcode 'outputs' to avoid re-running this script phase.\necho \"SUCCESS\" > \"${SCRIPT_OUTPUT_FILE_0}\"\n";
			showEnvVarsInLog = 0;
		};
		D3797905529150C11122E074 /* [CP] Embed Pods Frameworks */ = {
			isa = PBXShellScriptBuildPhase;
			buildActionMask = 2147483647;
			files = (
			);
			inputFileListPaths = (
				"${PODS_ROOT}/Target Support Files/Pods-Fundall UI/Pods-Fundall UI-frameworks-${CONFIGURATION}-input-files.xcfilelist",
			);
			name = "[CP] Embed Pods Frameworks";
			outputFileListPaths = (
				"${PODS_ROOT}/Target Support Files/Pods-Fundall UI/Pods-Fundall UI-frameworks-${CONFIGURATION}-output-files.xcfilelist",
			);
			runOnlyForDeploymentPostprocessing = 0;
			shellPath = /bin/sh;
			shellScript = "\"${PODS_ROOT}/Target Support Files/Pods-Fundall UI/Pods-Fundall UI-frameworks.sh\"\n";
			showEnvVarsInLog = 0;
		};
/* End PBXShellScriptBuildPhase section */

/* Begin PBXSourcesBuildPhase section */
		CE9A06E1249E3D650099766C /* Sources */ = {
			isa = PBXSourcesBuildPhase;
			buildActionMask = 2147483647;
			files = (
				CE098F3E24A207AF00E5267F /* LoginViewController.swift in Sources */,
				CE81CC3B249E78EB0087C080 /* CustomTextField.swift in Sources */,
				CE9A06ED249E3D650099766C /* OnboardingViewController.swift in Sources */,
				CE8E16F724A4E8FB008EC6FE /* extension.swift in Sources */,
				CE08DD0B24A0D34400D5A0B9 /* DashboardViewController.swift in Sources */,
				CE057A7724A2D707009B8DDF /* TodayTitleTableViewCell.swift in Sources */,
				CE8E16FA24A4F30E008EC6FE /* ErrorModel.swift in Sources */,
				CEAE73E424A3B0FD0096F7B3 /* CardListCell.swift in Sources */,
				CE8E16FE24A4F344008EC6FE /* RegisterModel.swift in Sources */,
				CE8E16FC24A4F325008EC6FE /* LoginModel.swift in Sources */,
				CE098F4224A2088200E5267F /* CardViewController.swift in Sources */,
				CE057A7524A2CF94009B8DDF /* CardCell.swift in Sources */,
				CE057A7924A2D72B009B8DDF /* TodayTableViewCell.swift in Sources */,
				CEAE73E224A3B0CA0096F7B3 /* CardSelectionCell.swift in Sources */,
				CE098F3C24A2079300E5267F /* RegisterViewController.swift in Sources */,
				CE9A06E9249E3D650099766C /* AppDelegate.swift in Sources */,
				CE098F4424A2094300E5267F /* SignedInViewController.swift in Sources */,
				CE9A06EB249E3D650099766C /* SceneDelegate.swift in Sources */,
			);
			runOnlyForDeploymentPostprocessing = 0;
		};
/* End PBXSourcesBuildPhase section */

/* Begin PBXVariantGroup section */
		CE9A06F3249E3D6A0099766C /* LaunchScreen.storyboard */ = {
			isa = PBXVariantGroup;
			children = (
				CE9A06F4249E3D6A0099766C /* Base */,
			);
			name = LaunchScreen.storyboard;
			sourceTree = "<group>";
		};
/* End PBXVariantGroup section */

/* Begin XCBuildConfiguration section */
		CE9A06F7249E3D6A0099766C /* Debug */ = {
			isa = XCBuildConfiguration;
			buildSettings = {
				ALWAYS_SEARCH_USER_PATHS = NO;
				CLANG_ANALYZER_NONNULL = YES;
				CLANG_ANALYZER_NUMBER_OBJECT_CONVERSION = YES_AGGRESSIVE;
				CLANG_CXX_LANGUAGE_STANDARD = "gnu++14";
				CLANG_CXX_LIBRARY = "libc++";
				CLANG_ENABLE_MODULES = YES;
				CLANG_ENABLE_OBJC_ARC = YES;
				CLANG_ENABLE_OBJC_WEAK = YES;
				CLANG_WARN_BLOCK_CAPTURE_AUTORELEASING = YES;
				CLANG_WARN_BOOL_CONVERSION = YES;
				CLANG_WARN_COMMA = YES;
				CLANG_WARN_CONSTANT_CONVERSION = YES;
				CLANG_WARN_DEPRECATED_OBJC_IMPLEMENTATIONS = YES;
				CLANG_WARN_DIRECT_OBJC_ISA_USAGE = YES_ERROR;
				CLANG_WARN_DOCUMENTATION_COMMENTS = YES;
				CLANG_WARN_EMPTY_BODY = YES;
				CLANG_WARN_ENUM_CONVERSION = YES;
				CLANG_WARN_INFINITE_RECURSION = YES;
				CLANG_WARN_INT_CONVERSION = YES;
				CLANG_WARN_NON_LITERAL_NULL_CONVERSION = YES;
				CLANG_WARN_OBJC_IMPLICIT_RETAIN_SELF = YES;
				CLANG_WARN_OBJC_LITERAL_CONVERSION = YES;
				CLANG_WARN_OBJC_ROOT_CLASS = YES_ERROR;
				CLANG_WARN_RANGE_LOOP_ANALYSIS = YES;
				CLANG_WARN_STRICT_PROTOTYPES = YES;
				CLANG_WARN_SUSPICIOUS_MOVE = YES;
				CLANG_WARN_UNGUARDED_AVAILABILITY = YES_AGGRESSIVE;
				CLANG_WARN_UNREACHABLE_CODE = YES;
				CLANG_WARN__DUPLICATE_METHOD_MATCH = YES;
				COPY_PHASE_STRIP = NO;
				DEBUG_INFORMATION_FORMAT = dwarf;
				ENABLE_STRICT_OBJC_MSGSEND = YES;
				ENABLE_TESTABILITY = YES;
				GCC_C_LANGUAGE_STANDARD = gnu11;
				GCC_DYNAMIC_NO_PIC = NO;
				GCC_NO_COMMON_BLOCKS = YES;
				GCC_OPTIMIZATION_LEVEL = 0;
				GCC_PREPROCESSOR_DEFINITIONS = (
					"DEBUG=1",
					"$(inherited)",
				);
				GCC_WARN_64_TO_32_BIT_CONVERSION = YES;
				GCC_WARN_ABOUT_RETURN_TYPE = YES_ERROR;
				GCC_WARN_UNDECLARED_SELECTOR = YES;
				GCC_WARN_UNINITIALIZED_AUTOS = YES_AGGRESSIVE;
				GCC_WARN_UNUSED_FUNCTION = YES;
				GCC_WARN_UNUSED_VARIABLE = YES;
				IPHONEOS_DEPLOYMENT_TARGET = 13.1;
				MTL_ENABLE_DEBUG_INFO = INCLUDE_SOURCE;
				MTL_FAST_MATH = YES;
				ONLY_ACTIVE_ARCH = YES;
				SDKROOT = iphoneos;
				SWIFT_ACTIVE_COMPILATION_CONDITIONS = DEBUG;
				SWIFT_OPTIMIZATION_LEVEL = "-Onone";
			};
			name = Debug;
		};
		CE9A06F8249E3D6A0099766C /* Release */ = {
			isa = XCBuildConfiguration;
			buildSettings = {
				ALWAYS_SEARCH_USER_PATHS = NO;
				CLANG_ANALYZER_NONNULL = YES;
				CLANG_ANALYZER_NUMBER_OBJECT_CONVERSION = YES_AGGRESSIVE;
				CLANG_CXX_LANGUAGE_STANDARD = "gnu++14";
				CLANG_CXX_LIBRARY = "libc++";
				CLANG_ENABLE_MODULES = YES;
				CLANG_ENABLE_OBJC_ARC = YES;
				CLANG_ENABLE_OBJC_WEAK = YES;
				CLANG_WARN_BLOCK_CAPTURE_AUTORELEASING = YES;
				CLANG_WARN_BOOL_CONVERSION = YES;
				CLANG_WARN_COMMA = YES;
				CLANG_WARN_CONSTANT_CONVERSION = YES;
				CLANG_WARN_DEPRECATED_OBJC_IMPLEMENTATIONS = YES;
				CLANG_WARN_DIRECT_OBJC_ISA_USAGE = YES_ERROR;
				CLANG_WARN_DOCUMENTATION_COMMENTS = YES;
				CLANG_WARN_EMPTY_BODY = YES;
				CLANG_WARN_ENUM_CONVERSION = YES;
				CLANG_WARN_INFINITE_RECURSION = YES;
				CLANG_WARN_INT_CONVERSION = YES;
				CLANG_WARN_NON_LITERAL_NULL_CONVERSION = YES;
				CLANG_WARN_OBJC_IMPLICIT_RETAIN_SELF = YES;
				CLANG_WARN_OBJC_LITERAL_CONVERSION = YES;
				CLANG_WARN_OBJC_ROOT_CLASS = YES_ERROR;
				CLANG_WARN_RANGE_LOOP_ANALYSIS = YES;
				CLANG_WARN_STRICT_PROTOTYPES = YES;
				CLANG_WARN_SUSPICIOUS_MOVE = YES;
				CLANG_WARN_UNGUARDED_AVAILABILITY = YES_AGGRESSIVE;
				CLANG_WARN_UNREACHABLE_CODE = YES;
				CLANG_WARN__DUPLICATE_METHOD_MATCH = YES;
				COPY_PHASE_STRIP = NO;
				DEBUG_INFORMATION_FORMAT = "dwarf-with-dsym";
				ENABLE_NS_ASSERTIONS = NO;
				ENABLE_STRICT_OBJC_MSGSEND = YES;
				GCC_C_LANGUAGE_STANDARD = gnu11;
				GCC_NO_COMMON_BLOCKS = YES;
				GCC_WARN_64_TO_32_BIT_CONVERSION = YES;
				GCC_WARN_ABOUT_RETURN_TYPE = YES_ERROR;
				GCC_WARN_UNDECLARED_SELECTOR = YES;
				GCC_WARN_UNINITIALIZED_AUTOS = YES_AGGRESSIVE;
				GCC_WARN_UNUSED_FUNCTION = YES;
				GCC_WARN_UNUSED_VARIABLE = YES;
				IPHONEOS_DEPLOYMENT_TARGET = 13.1;
				MTL_ENABLE_DEBUG_INFO = NO;
				MTL_FAST_MATH = YES;
				SDKROOT = iphoneos;
				SWIFT_COMPILATION_MODE = wholemodule;
				SWIFT_OPTIMIZATION_LEVEL = "-O";
				VALIDATE_PRODUCT = YES;
			};
			name = Release;
		};
		CE9A06FA249E3D6A0099766C /* Debug */ = {
			isa = XCBuildConfiguration;
			baseConfigurationReference = CD70616DEFA3C5C68240BAB1 /* Pods-Fundall UI.debug.xcconfig */;
			buildSettings = {
				ASSETCATALOG_COMPILER_APPICON_NAME = AppIcon;
				CODE_SIGN_STYLE = Automatic;
				DEVELOPMENT_TEAM = RFYDNQN4JF;
				INFOPLIST_FILE = "Fundall UI/Info.plist";
				LD_RUNPATH_SEARCH_PATHS = (
					"$(inherited)",
					"@executable_path/Frameworks",
				);
				PRODUCT_BUNDLE_IDENTIFIER = "com.fundall.tutolin.Fundall-UI";
				PRODUCT_NAME = "$(TARGET_NAME)";
				SWIFT_VERSION = 5.0;
				TARGETED_DEVICE_FAMILY = "1,2";
			};
			name = Debug;
		};
		CE9A06FB249E3D6A0099766C /* Release */ = {
			isa = XCBuildConfiguration;
			baseConfigurationReference = 05C62F8108A90AB3628829EF /* Pods-Fundall UI.release.xcconfig */;
			buildSettings = {
				ASSETCATALOG_COMPILER_APPICON_NAME = AppIcon;
				CODE_SIGN_STYLE = Automatic;
				DEVELOPMENT_TEAM = RFYDNQN4JF;
				INFOPLIST_FILE = "Fundall UI/Info.plist";
				LD_RUNPATH_SEARCH_PATHS = (
					"$(inherited)",
					"@executable_path/Frameworks",
				);
				PRODUCT_BUNDLE_IDENTIFIER = "com.fundall.tutolin.Fundall-UI";
				PRODUCT_NAME = "$(TARGET_NAME)";
				SWIFT_VERSION = 5.0;
				TARGETED_DEVICE_FAMILY = "1,2";
			};
			name = Release;
		};
/* End XCBuildConfiguration section */

/* Begin XCConfigurationList section */
		CE9A06E0249E3D650099766C /* Build configuration list for PBXProject "Fundall UI" */ = {
			isa = XCConfigurationList;
			buildConfigurations = (
				CE9A06F7249E3D6A0099766C /* Debug */,
				CE9A06F8249E3D6A0099766C /* Release */,
			);
			defaultConfigurationIsVisible = 0;
			defaultConfigurationName = Release;
		};
		CE9A06F9249E3D6A0099766C /* Build configuration list for PBXNativeTarget "Fundall UI" */ = {
			isa = XCConfigurationList;
			buildConfigurations = (
				CE9A06FA249E3D6A0099766C /* Debug */,
				CE9A06FB249E3D6A0099766C /* Release */,
			);
			defaultConfigurationIsVisible = 0;
			defaultConfigurationName = Release;
		};
/* End XCConfigurationList section */
	};
	rootObject = CE9A06DD249E3D650099766C /* Project object */;
}
